
Microsoft Visual Studio Solution File, Format Version 12.00
# Visual Studio Version 17
VisualStudioVersion = 17.7.34202.233
MinimumVisualStudioVersion = 10.0.40219.1
Project("{9A19103F-16F7-4668-BE54-9A1E7A4F7556}") = "MagazineManager.Server", "MagazineManager\Server\MagazineManager.Server.csproj", "{243E1C1E-7849-4EC1-ACA7-A0D6378727FA}"
EndProject
Project("{FAE04EC0-301F-11D3-BF4B-00C04F79EFBC}") = "MagazineManagerTest", "MagazineManagerTest\MagazineManagerTest.csproj", "{F2A60FC3-01E4-47F4-A44E-C8FDBF78DFFA}"
EndProject
Global
	GlobalSection(SolutionConfigurationPlatforms) = preSolution
		Debug|Any CPU = Debug|Any CPU
		Release|Any CPU = Release|Any CPU
	EndGlobalSection
	GlobalSection(ProjectConfigurationPlatforms) = postSolution
		{243E1C1E-7849-4EC1-ACA7-A0D6378727FA}.Debug|Any CPU.ActiveCfg = Debug|Any CPU
		{243E1C1E-7849-4EC1-ACA7-A0D6378727FA}.Debug|Any CPU.Build.0 = Debug|Any CPU
		{243E1C1E-7849-4EC1-ACA7-A0D6378727FA}.Release|Any CPU.ActiveCfg = Release|Any CPU
		{243E1C1E-7849-4EC1-ACA7-A0D6378727FA}.Release|Any CPU.Build.0 = Release|Any CPU
		{F2A60FC3-01E4-47F4-A44E-C8FDBF78DFFA}.Debug|Any CPU.ActiveCfg = Debug|Any CPU
		{F2A60FC3-01E4-47F4-A44E-C8FDBF78DFFA}.Debug|Any CPU.Build.0 = Debug|Any CPU
		{F2A60FC3-01E4-47F4-A44E-C8FDBF78DFFA}.Release|Any CPU.ActiveCfg = Release|Any CPU
		{F2A60FC3-01E4-47F4-A44E-C8FDBF78DFFA}.Release|Any CPU.Build.0 = Release|Any CPU
	EndGlobalSection
	GlobalSection(SolutionProperties) = preSolution
		HideSolutionNode = FALSE
	EndGlobalSection
	GlobalSection(ExtensibilityGlobals) = postSolution
		SolutionGuid = {3094A6DF-1C8C-455D-97F5-873995598591}
	EndGlobalSection
EndGlobal
